
Microsoft Visual Studio Solution File, Format Version 12.00
# Visual Studio Version 17
VisualStudioVersion = 17.0.32112.339
MinimumVisualStudioVersion = 10.0.40219.1
Project("{FAE04EC0-301F-11D3-BF4B-00C04F79EFBC}") = "WorkshopOne", "WorkshopOne\WorkshopOne.csproj", "{603F659B-9DF0-459C-9A44-593C683CCE89}"
EndProject
Global
	GlobalSection(SolutionConfigurationPlatforms) = preSolution
		Debug|Any CPU = Debug|Any CPU
		Release|Any CPU = Release|Any CPU
	EndGlobalSection
	GlobalSection(ProjectConfigurationPlatforms) = postSolution
		{603F659B-9DF0-459C-9A44-593C683CCE89}.Debug|Any CPU.ActiveCfg = Debug|Any CPU
		{603F659B-9DF0-459C-9A44-593C683CCE89}.Debug|Any CPU.Build.0 = Debug|Any CPU
		{603F659B-9DF0-459C-9A44-593C683CCE89}.Release|Any CPU.ActiveCfg = Release|Any CPU
		{603F659B-9DF0-459C-9A44-593C683CCE89}.Release|Any CPU.Build.0 = Release|Any CPU
	EndGlobalSection
	GlobalSection(SolutionProperties) = preSolution
		HideSolutionNode = FALSE
	EndGlobalSection
	GlobalSection(ExtensibilityGlobals) = postSolution
		SolutionGuid = {7D03E989-0CF2-4F4B-AD13-9A47B4B2370A}
	EndGlobalSection
EndGlobal
