
Microsoft Visual Studio Solution File, Format Version 12.00
# Visual Studio Version 17
VisualStudioVersion = 17.3.32901.215
MinimumVisualStudioVersion = 10.0.40219.1
Project("{FAE04EC0-301F-11D3-BF4B-00C04F79EFBC}") = "Tutoring10_5", "Tutoring10_5.csproj", "{C5B259B0-505B-4681-88E7-E6E329EE9505}"
EndProject
Global
	GlobalSection(SolutionConfigurationPlatforms) = preSolution
		Debug|Any CPU = Debug|Any CPU
		Release|Any CPU = Release|Any CPU
	EndGlobalSection
	GlobalSection(ProjectConfigurationPlatforms) = postSolution
		{C5B259B0-505B-4681-88E7-E6E329EE9505}.Debug|Any CPU.ActiveCfg = Debug|Any CPU
		{C5B259B0-505B-4681-88E7-E6E329EE9505}.Debug|Any CPU.Build.0 = Debug|Any CPU
		{C5B259B0-505B-4681-88E7-E6E329EE9505}.Release|Any CPU.ActiveCfg = Release|Any CPU
		{C5B259B0-505B-4681-88E7-E6E329EE9505}.Release|Any CPU.Build.0 = Release|Any CPU
	EndGlobalSection
	GlobalSection(SolutionProperties) = preSolution
		HideSolutionNode = FALSE
	EndGlobalSection
	GlobalSection(ExtensibilityGlobals) = postSolution
		SolutionGuid = {F960EEF4-AC1B-4192-A997-9F0D3C23D785}
	EndGlobalSection
EndGlobal
