
Microsoft Visual Studio Solution File, Format Version 12.00
# Visual Studio Version 17
VisualStudioVersion = 17.2.32616.157
MinimumVisualStudioVersion = 10.0.40219.1
Project("{FAE04EC0-301F-11D3-BF4B-00C04F79EFBC}") = "ClimbingStairs", "ClimbingStairs.csproj", "{7FDA5C91-A655-4CE8-9CD4-6BD95150E48A}"
EndProject
Global
	GlobalSection(SolutionConfigurationPlatforms) = preSolution
		Debug|Any CPU = Debug|Any CPU
		Release|Any CPU = Release|Any CPU
	EndGlobalSection
	GlobalSection(ProjectConfigurationPlatforms) = postSolution
		{7FDA5C91-A655-4CE8-9CD4-6BD95150E48A}.Debug|Any CPU.ActiveCfg = Debug|Any CPU
		{7FDA5C91-A655-4CE8-9CD4-6BD95150E48A}.Debug|Any CPU.Build.0 = Debug|Any CPU
		{7FDA5C91-A655-4CE8-9CD4-6BD95150E48A}.Release|Any CPU.ActiveCfg = Release|Any CPU
		{7FDA5C91-A655-4CE8-9CD4-6BD95150E48A}.Release|Any CPU.Build.0 = Release|Any CPU
	EndGlobalSection
	GlobalSection(SolutionProperties) = preSolution
		HideSolutionNode = FALSE
	EndGlobalSection
	GlobalSection(ExtensibilityGlobals) = postSolution
		SolutionGuid = {BEF94B1A-7CA3-45C7-8656-917E248D81FF}
	EndGlobalSection
EndGlobal
