
Microsoft Visual Studio Solution File, Format Version 12.00
# Visual Studio Version 16
VisualStudioVersion = 16.0.31702.278
MinimumVisualStudioVersion = 10.0.40219.1
Project("{FAE04EC0-301F-11D3-BF4B-00C04F79EFBC}") = "FridayWorkshop2", "FridayWorkshop2\FridayWorkshop2.csproj", "{29551533-9D5F-4F78-B53C-26158A559FD6}"
EndProject
Global
	GlobalSection(SolutionConfigurationPlatforms) = preSolution
		Debug|Any CPU = Debug|Any CPU
		Release|Any CPU = Release|Any CPU
	EndGlobalSection
	GlobalSection(ProjectConfigurationPlatforms) = postSolution
		{29551533-9D5F-4F78-B53C-26158A559FD6}.Debug|Any CPU.ActiveCfg = Debug|Any CPU
		{29551533-9D5F-4F78-B53C-26158A559FD6}.Debug|Any CPU.Build.0 = Debug|Any CPU
		{29551533-9D5F-4F78-B53C-26158A559FD6}.Release|Any CPU.ActiveCfg = Release|Any CPU
		{29551533-9D5F-4F78-B53C-26158A559FD6}.Release|Any CPU.Build.0 = Release|Any CPU
	EndGlobalSection
	GlobalSection(SolutionProperties) = preSolution
		HideSolutionNode = FALSE
	EndGlobalSection
	GlobalSection(ExtensibilityGlobals) = postSolution
		SolutionGuid = {8138A2F6-5C8C-404A-B96C-B84D013401ED}
	EndGlobalSection
EndGlobal
