
Microsoft Visual Studio Solution File, Format Version 12.00
# Visual Studio Version 17
VisualStudioVersion = 17.2.32616.157
MinimumVisualStudioVersion = 10.0.40219.1
Project("{FAE04EC0-301F-11D3-BF4B-00C04F79EFBC}") = "Fizzbuzz3", "Fizzbuzz3\Fizzbuzz3.csproj", "{AF440019-C5F0-4F5C-ABB2-5C73B10026C1}"
EndProject
Global
	GlobalSection(SolutionConfigurationPlatforms) = preSolution
		Debug|Any CPU = Debug|Any CPU
		Release|Any CPU = Release|Any CPU
	EndGlobalSection
	GlobalSection(ProjectConfigurationPlatforms) = postSolution
		{AF440019-C5F0-4F5C-ABB2-5C73B10026C1}.Debug|Any CPU.ActiveCfg = Debug|Any CPU
		{AF440019-C5F0-4F5C-ABB2-5C73B10026C1}.Debug|Any CPU.Build.0 = Debug|Any CPU
		{AF440019-C5F0-4F5C-ABB2-5C73B10026C1}.Release|Any CPU.ActiveCfg = Release|Any CPU
		{AF440019-C5F0-4F5C-ABB2-5C73B10026C1}.Release|Any CPU.Build.0 = Release|Any CPU
	EndGlobalSection
	GlobalSection(SolutionProperties) = preSolution
		HideSolutionNode = FALSE
	EndGlobalSection
	GlobalSection(ExtensibilityGlobals) = postSolution
		SolutionGuid = {B4E005C4-D136-44DD-9216-E6AA89922335}
	EndGlobalSection
EndGlobal
