
Microsoft Visual Studio Solution File, Format Version 12.00
# Visual Studio Version 17
VisualStudioVersion = 17.0.32112.339
MinimumVisualStudioVersion = 10.0.40219.1
Project("{FAE04EC0-301F-11D3-BF4B-00C04F79EFBC}") = "WorkshopTwo", "WorkshopTwo\WorkshopTwo.csproj", "{C605B05E-3796-46F4-B561-54427279B47F}"
EndProject
Global
	GlobalSection(SolutionConfigurationPlatforms) = preSolution
		Debug|Any CPU = Debug|Any CPU
		Release|Any CPU = Release|Any CPU
	EndGlobalSection
	GlobalSection(ProjectConfigurationPlatforms) = postSolution
		{C605B05E-3796-46F4-B561-54427279B47F}.Debug|Any CPU.ActiveCfg = Debug|Any CPU
		{C605B05E-3796-46F4-B561-54427279B47F}.Debug|Any CPU.Build.0 = Debug|Any CPU
		{C605B05E-3796-46F4-B561-54427279B47F}.Release|Any CPU.ActiveCfg = Release|Any CPU
		{C605B05E-3796-46F4-B561-54427279B47F}.Release|Any CPU.Build.0 = Release|Any CPU
	EndGlobalSection
	GlobalSection(SolutionProperties) = preSolution
		HideSolutionNode = FALSE
	EndGlobalSection
	GlobalSection(ExtensibilityGlobals) = postSolution
		SolutionGuid = {C2040118-4F12-412E-8B0C-DF8EE1D08EB6}
	EndGlobalSection
EndGlobal
